{
  "name": "steamcmd-app-update",
  "version": "1.0.0",
  "lockfileVersion": 2,
  "requires": true,
  "packages": {
    "": {
      "name": "steamcmd-app-update",
      "version": "1.0.0",
      "license": "MIT",
      "dependencies": {
        "lodash": "^4.17.21",
        "steamapi": "^2.1.2"
      },
      "bin": {
        "steamcmd-app-update": "index.js"
      },
      "devDependencies": {
        "@types/lodash": "^4.17.15",
        "prettier": "3.4.2"
      }
    },
    "node_modules/@types/lodash": {
      "version": "4.17.15",
      "resolved": "https://registry.npmjs.org/@types/lodash/-/lodash-4.17.15.tgz",
      "integrity": "sha512-w/P33JFeySuhN6JLkysYUK2gEmy9kHHFN7E8ro0tkfmlDOgxBDzWEZ/J8cWA+fHqFevpswDTFZnDx+R9lbL6xw==",
      "dev": true,
      "license": "MIT"
    },
    "node_modules/lodash": {
      "version": "4.17.21",
      "resolved": "https://registry.npmjs.org/lodash/-/lodash-4.17.21.tgz",
      "integrity": "sha512-v2kDEe57lecTulaDIuNTPy3Ry4gLGJ6Z1O3vE1krgXZNrsQ+LFTGHVxVjcXPs17LhbZVGedAJv8XZ1tvj5FvSg==",
      "license": "MIT"
    },
    "node_modules/prettier": {
      "version": "3.4.2",
      "resolved": "https://registry.npmjs.org/prettier/-/prettier-3.4.2.tgz",
      "integrity": "sha512-e9MewbtFo+Fevyuxn/4rrcDAaq0IYxPGLvObpQjiZBMAzB9IGmzlnG9RZy3FFas+eBMu2vA0CszMeduow5dIuQ==",
      "dev": true,
      "license": "MIT",
      "bin": {
        "prettier": "bin/prettier.cjs"
      },
      "engines": {
        "node": ">=14"
      },
      "funding": {
        "url": "https://github.com/prettier/prettier?sponsor=1"
      }
    },
    "node_modules/steamapi": {
      "version": "2.2.0",
      "resolved": "https://registry.npmjs.org/steamapi/-/steamapi-2.2.0.tgz",
      "integrity": "sha512-2UWklLzYQruuUC0a5AUgll1dU91/CWgiAhm/7y+rqc43kbBWereGTtmwo8wr6imjC64iV5893KChXghW0zK8Gg==",
      "dependencies": {
        "steamid": "^2.0.0"
      }
    },
    "node_modules/steamid": {
      "version": "2.0.0",
      "resolved": "https://registry.npmjs.org/steamid/-/steamid-2.0.0.tgz",
      "integrity": "sha512-+BFJMbo+IxzyfovLR37E7APkaNfmrL3S+88T7wTMRHnQ6LBhzEawPnjfWNKM9eUL/dH45j+7vhSX4WaGXoa4/Q==",
      "engines": {
        "node": ">=12.0.0"
      }
    }
  },
  "dependencies": {
    "@types/lodash": {
      "version": "4.17.15",
      "resolved": "https://registry.npmjs.org/@types/lodash/-/lodash-4.17.15.tgz",
      "integrity": "sha512-w/P33JFeySuhN6JLkysYUK2gEmy9kHHFN7E8ro0tkfmlDOgxBDzWEZ/J8cWA+fHqFevpswDTFZnDx+R9lbL6xw==",
      "dev": true
    },
    "lodash": {
      "version": "4.17.21",
      "resolved": "https://registry.npmjs.org/lodash/-/lodash-4.17.21.tgz",
      "integrity": "sha512-v2kDEe57lecTulaDIuNTPy3Ry4gLGJ6Z1O3vE1krgXZNrsQ+LFTGHVxVjcXPs17LhbZVGedAJv8XZ1tvj5FvSg=="
    },
    "prettier": {
      "version": "3.4.2",
      "resolved": "https://registry.npmjs.org/prettier/-/prettier-3.4.2.tgz",
      "integrity": "sha512-e9MewbtFo+Fevyuxn/4rrcDAaq0IYxPGLvObpQjiZBMAzB9IGmzlnG9RZy3FFas+eBMu2vA0CszMeduow5dIuQ==",
      "dev": true
    },
    "steamapi": {
      "version": "2.2.0",
      "resolved": "https://registry.npmjs.org/steamapi/-/steamapi-2.2.0.tgz",
      "integrity": "sha512-2UWklLzYQruuUC0a5AUgll1dU91/CWgiAhm/7y+rqc43kbBWereGTtmwo8wr6imjC64iV5893KChXghW0zK8Gg==",
      "requires": {
        "steamid": "^2.0.0"
      }
    },
    "steamid": {
      "version": "2.0.0",
      "resolved": "https://registry.npmjs.org/steamid/-/steamid-2.0.0.tgz",
      "integrity": "sha512-+BFJMbo+IxzyfovLR37E7APkaNfmrL3S+88T7wTMRHnQ6LBhzEawPnjfWNKM9eUL/dH45j+7vhSX4WaGXoa4/Q=="
    }
  }
}
